{
  "name": "javascript",
  "lockfileVersion": 2,
  "requires": true,
  "packages": {
    "": {
      "dependencies": {
        "vazir-font": "^30.1.0"
      }
    },
    "node_modules/vazir-font": {
      "version": "30.1.0",
      "resolved": "https://registry.npmjs.org/vazir-font/-/vazir-font-30.1.0.tgz",
      "integrity": "sha512-XN2Uprw/Q3QhAAApITykf+v0l4p4FpqvIh0h2XDSJRjwUiYeDpwQxECQF/93ZOCDO2t8haBi6BZZqO8sifYNRg=="
    }
  },
  "dependencies": {
    "vazir-font": {
      "version": "30.1.0",
      "resolved": "https://registry.npmjs.org/vazir-font/-/vazir-font-30.1.0.tgz",
      "integrity": "sha512-XN2Uprw/Q3QhAAApITykf+v0l4p4FpqvIh0h2XDSJRjwUiYeDpwQxECQF/93ZOCDO2t8haBi6BZZqO8sifYNRg=="
    }
  }
}
